
Microsoft Visual Studio Solution File, Format Version 12.00
# Visual Studio Version 17
VisualStudioVersion = 17.9.34902.65
MinimumVisualStudioVersion = 10.0.40219.1
Project("{FAE04EC0-301F-11D3-BF4B-00C04F79EFBC}") = "ProniaBB209", "ProniaBB209\ProniaBB209.csproj", "{4104EA72-E085-4126-AB2C-0EB7B338930B}"
EndProject
Global
	GlobalSection(SolutionConfigurationPlatforms) = preSolution
		Debug|Any CPU = Debug|Any CPU
		Release|Any CPU = Release|Any CPU
	EndGlobalSection
	GlobalSection(ProjectConfigurationPlatforms) = postSolution
		{4104EA72-E085-4126-AB2C-0EB7B338930B}.Debug|Any CPU.ActiveCfg = Debug|Any CPU
		{4104EA72-E085-4126-AB2C-0EB7B338930B}.Debug|Any CPU.Build.0 = Debug|Any CPU
		{4104EA72-E085-4126-AB2C-0EB7B338930B}.Release|Any CPU.ActiveCfg = Release|Any CPU
		{4104EA72-E085-4126-AB2C-0EB7B338930B}.Release|Any CPU.Build.0 = Release|Any CPU
	EndGlobalSection
	GlobalSection(SolutionProperties) = preSolution
		HideSolutionNode = FALSE
	EndGlobalSection
	GlobalSection(ExtensibilityGlobals) = postSolution
		SolutionGuid = {339E5C2F-48A5-457D-98CD-2AF6A53D06B9}
	EndGlobalSection
EndGlobal
